
Microsoft Visual Studio Solution File, Format Version 12.00
Project("{FAE04EC0-301F-11D3-BF4B-00C04F79EFBC}") = "SupabaseUnityBuilder", "SupabaseUnityBuilder\SupabaseUnityBuilder.csproj", "{F94986D5-84A9-4D92-BD40-0728DA5C90D4}"
EndProject
Global
	GlobalSection(SolutionConfigurationPlatforms) = preSolution
		Debug|Any CPU = Debug|Any CPU
		Release|Any CPU = Release|Any CPU
	EndGlobalSection
	GlobalSection(ProjectConfigurationPlatforms) = postSolution
		{F94986D5-84A9-4D92-BD40-0728DA5C90D4}.Debug|Any CPU.ActiveCfg = Debug|Any CPU
		{F94986D5-84A9-4D92-BD40-0728DA5C90D4}.Debug|Any CPU.Build.0 = Debug|Any CPU
		{F94986D5-84A9-4D92-BD40-0728DA5C90D4}.Release|Any CPU.ActiveCfg = Release|Any CPU
		{F94986D5-84A9-4D92-BD40-0728DA5C90D4}.Release|Any CPU.Build.0 = Release|Any CPU
	EndGlobalSection
EndGlobal
